
Microsoft Visual Studio Solution File, Format Version 12.00
# Visual Studio Version 16
VisualStudioVersion = 16.0.30523.141
MinimumVisualStudioVersion = 10.0.40219.1
Project("{FAE04EC0-301F-11D3-BF4B-00C04F79EFBC}") = "CS_4_7_2_Ex", "CS_4_7_2_Ex\CS_4_7_2_Ex.csproj", "{FE20F99A-2326-4B96-B3ED-1C3A1A182EF0}"
EndProject
Global
	GlobalSection(SolutionConfigurationPlatforms) = preSolution
		Debug|Any CPU = Debug|Any CPU
		Release|Any CPU = Release|Any CPU
	EndGlobalSection
	GlobalSection(ProjectConfigurationPlatforms) = postSolution
		{FE20F99A-2326-4B96-B3ED-1C3A1A182EF0}.Debug|Any CPU.ActiveCfg = Debug|Any CPU
		{FE20F99A-2326-4B96-B3ED-1C3A1A182EF0}.Debug|Any CPU.Build.0 = Debug|Any CPU
		{FE20F99A-2326-4B96-B3ED-1C3A1A182EF0}.Release|Any CPU.ActiveCfg = Release|Any CPU
		{FE20F99A-2326-4B96-B3ED-1C3A1A182EF0}.Release|Any CPU.Build.0 = Release|Any CPU
	EndGlobalSection
	GlobalSection(SolutionProperties) = preSolution
		HideSolutionNode = FALSE
	EndGlobalSection
	GlobalSection(ExtensibilityGlobals) = postSolution
		SolutionGuid = {DC37AA46-0BC2-413A-A3E2-49F107F6944C}
	EndGlobalSection
EndGlobal
